
Microsoft Visual Studio Solution File, Format Version 12.00
# Visual Studio Version 17
VisualStudioVersion = 17.9.34616.47
MinimumVisualStudioVersion = 10.0.40219.1
Project("{FAE04EC0-301F-11D3-BF4B-00C04F79EFBC}") = "WebSocket", "WebSocket.csproj", "{0E18D23D-9F00-4AFC-A86F-40191933146E}"
EndProject
Global
	GlobalSection(SolutionConfigurationPlatforms) = preSolution
		Debug|Any CPU = Debug|Any CPU
		Release|Any CPU = Release|Any CPU
	EndGlobalSection
	GlobalSection(ProjectConfigurationPlatforms) = postSolution
		{0E18D23D-9F00-4AFC-A86F-40191933146E}.Debug|Any CPU.ActiveCfg = Debug|Any CPU
		{0E18D23D-9F00-4AFC-A86F-40191933146E}.Debug|Any CPU.Build.0 = Debug|Any CPU
		{0E18D23D-9F00-4AFC-A86F-40191933146E}.Release|Any CPU.ActiveCfg = Release|Any CPU
		{0E18D23D-9F00-4AFC-A86F-40191933146E}.Release|Any CPU.Build.0 = Release|Any CPU
	EndGlobalSection
	GlobalSection(SolutionProperties) = preSolution
		HideSolutionNode = FALSE
	EndGlobalSection
	GlobalSection(ExtensibilityGlobals) = postSolution
		SolutionGuid = {665A5E74-4820-400F-BA14-56D9D15384F1}
	EndGlobalSection
EndGlobal
